PODS:
  - LFLiveKit (2.6)
  - Masonry (1.1.0)

DEPENDENCIES:
  - LFLiveKit
  - Masonry

SPEC REPOS:
  https://github.com/cocoapods/specs.git:
    - LFLiveKit
    - Masonry

SPEC CHECKSUMS:
  LFLiveKit: 2219563721f8aa0f188effc3395a06e2d53b23f2
  Masonry: 678fab65091a9290e40e2832a55e7ab731aad201

PODFILE CHECKSUM: 1c848d12384ace886c0dc7adecb364fa750734c7

COCOAPODS: 1.6.0
